
Microsoft Visual Studio Solution File, Format Version 12.00
# Visual Studio Version 16
VisualStudioVersion = 16.0.32602.291
MinimumVisualStudioVersion = 10.0.40219.1
Project("{FAE04EC0-301F-11D3-BF4B-00C04F79EFBC}") = "Delegate practice class", "Delegate practice class.csproj", "{C37450DC-CC75-4818-AC8B-BAB10D329BC8}"
EndProject
Global
	GlobalSection(SolutionConfigurationPlatforms) = preSolution
		Debug|Any CPU = Debug|Any CPU
		Release|Any CPU = Release|Any CPU
	EndGlobalSection
	GlobalSection(ProjectConfigurationPlatforms) = postSolution
		{C37450DC-CC75-4818-AC8B-BAB10D329BC8}.Debug|Any CPU.ActiveCfg = Debug|Any CPU
		{C37450DC-CC75-4818-AC8B-BAB10D329BC8}.Debug|Any CPU.Build.0 = Debug|Any CPU
		{C37450DC-CC75-4818-AC8B-BAB10D329BC8}.Release|Any CPU.ActiveCfg = Release|Any CPU
		{C37450DC-CC75-4818-AC8B-BAB10D329BC8}.Release|Any CPU.Build.0 = Release|Any CPU
	EndGlobalSection
	GlobalSection(SolutionProperties) = preSolution
		HideSolutionNode = FALSE
	EndGlobalSection
	GlobalSection(ExtensibilityGlobals) = postSolution
		SolutionGuid = {954376CA-20B1-4FC4-A73A-1E2C7618985D}
	EndGlobalSection
EndGlobal
